
Microsoft Visual Studio Solution File, Format Version 12.00
# Visual Studio Version 17
VisualStudioVersion = 17.9.34728.123
MinimumVisualStudioVersion = 10.0.40219.1
Project("{FAE04EC0-301F-11D3-BF4B-00C04F79EFBC}") = "NptLesson06", "NptLesson06.csproj", "{5D09EBB4-2C05-4A80-BD79-A8D6079D40BA}"
EndProject
Global
	GlobalSection(SolutionConfigurationPlatforms) = preSolution
		Debug|Any CPU = Debug|Any CPU
		Release|Any CPU = Release|Any CPU
	EndGlobalSection
	GlobalSection(ProjectConfigurationPlatforms) = postSolution
		{5D09EBB4-2C05-4A80-BD79-A8D6079D40BA}.Debug|Any CPU.ActiveCfg = Debug|Any CPU
		{5D09EBB4-2C05-4A80-BD79-A8D6079D40BA}.Debug|Any CPU.Build.0 = Debug|Any CPU
		{5D09EBB4-2C05-4A80-BD79-A8D6079D40BA}.Release|Any CPU.ActiveCfg = Release|Any CPU
		{5D09EBB4-2C05-4A80-BD79-A8D6079D40BA}.Release|Any CPU.Build.0 = Release|Any CPU
	EndGlobalSection
	GlobalSection(SolutionProperties) = preSolution
		HideSolutionNode = FALSE
	EndGlobalSection
	GlobalSection(ExtensibilityGlobals) = postSolution
		SolutionGuid = {D986DDA9-96A4-428A-96D8-652B6B26CB74}
	EndGlobalSection
EndGlobal
