
Microsoft Visual Studio Solution File, Format Version 12.00
# Visual Studio Version 17
VisualStudioVersion = 17.9.34728.123
MinimumVisualStudioVersion = 10.0.40219.1
Project("{FAE04EC0-301F-11D3-BF4B-00C04F79EFBC}") = "NguyenPhongTan_2210900123", "NguyenPhongTan_2210900123.csproj", "{17C930E4-3CFB-4F4D-8A6F-B16C6B537545}"
EndProject
Global
	GlobalSection(SolutionConfigurationPlatforms) = preSolution
		Debug|Any CPU = Debug|Any CPU
		Release|Any CPU = Release|Any CPU
	EndGlobalSection
	GlobalSection(ProjectConfigurationPlatforms) = postSolution
		{17C930E4-3CFB-4F4D-8A6F-B16C6B537545}.Debug|Any CPU.ActiveCfg = Debug|Any CPU
		{17C930E4-3CFB-4F4D-8A6F-B16C6B537545}.Debug|Any CPU.Build.0 = Debug|Any CPU
		{17C930E4-3CFB-4F4D-8A6F-B16C6B537545}.Release|Any CPU.ActiveCfg = Release|Any CPU
		{17C930E4-3CFB-4F4D-8A6F-B16C6B537545}.Release|Any CPU.Build.0 = Release|Any CPU
	EndGlobalSection
	GlobalSection(SolutionProperties) = preSolution
		HideSolutionNode = FALSE
	EndGlobalSection
	GlobalSection(ExtensibilityGlobals) = postSolution
		SolutionGuid = {B483D1A7-6730-41A9-8E23-6BF306E03CEB}
	EndGlobalSection
EndGlobal
