
Microsoft Visual Studio Solution File, Format Version 12.00
# Visual Studio Version 17
VisualStudioVersion = 17.9.34728.123
MinimumVisualStudioVersion = 10.0.40219.1
Project("{FAE04EC0-301F-11D3-BF4B-00C04F79EFBC}") = "NptLesson06CF", "NptLesson06CF.csproj", "{B6C5A036-F79E-4B58-A7AC-3C87F6F7FDD7}"
EndProject
Global
	GlobalSection(SolutionConfigurationPlatforms) = preSolution
		Debug|Any CPU = Debug|Any CPU
		Release|Any CPU = Release|Any CPU
	EndGlobalSection
	GlobalSection(ProjectConfigurationPlatforms) = postSolution
		{B6C5A036-F79E-4B58-A7AC-3C87F6F7FDD7}.Debug|Any CPU.ActiveCfg = Debug|Any CPU
		{B6C5A036-F79E-4B58-A7AC-3C87F6F7FDD7}.Debug|Any CPU.Build.0 = Debug|Any CPU
		{B6C5A036-F79E-4B58-A7AC-3C87F6F7FDD7}.Release|Any CPU.ActiveCfg = Release|Any CPU
		{B6C5A036-F79E-4B58-A7AC-3C87F6F7FDD7}.Release|Any CPU.Build.0 = Release|Any CPU
	EndGlobalSection
	GlobalSection(SolutionProperties) = preSolution
		HideSolutionNode = FALSE
	EndGlobalSection
	GlobalSection(ExtensibilityGlobals) = postSolution
		SolutionGuid = {EF853CAE-F08C-476B-965E-C202C8B14C8F}
	EndGlobalSection
EndGlobal
