
Microsoft Visual Studio Solution File, Format Version 12.00
# Visual Studio Version 17
VisualStudioVersion = 17.9.34728.123
MinimumVisualStudioVersion = 10.0.40219.1
Project("{FAE04EC0-301F-11D3-BF4B-00C04F79EFBC}") = "Npt_Lesson04", "Npt_Lesson04.csproj", "{B69C42B6-9726-4415-BE7F-F9A276D0614B}"
EndProject
Global
	GlobalSection(SolutionConfigurationPlatforms) = preSolution
		Debug|Any CPU = Debug|Any CPU
		Release|Any CPU = Release|Any CPU
	EndGlobalSection
	GlobalSection(ProjectConfigurationPlatforms) = postSolution
		{B69C42B6-9726-4415-BE7F-F9A276D0614B}.Debug|Any CPU.ActiveCfg = Debug|Any CPU
		{B69C42B6-9726-4415-BE7F-F9A276D0614B}.Debug|Any CPU.Build.0 = Debug|Any CPU
		{B69C42B6-9726-4415-BE7F-F9A276D0614B}.Release|Any CPU.ActiveCfg = Release|Any CPU
		{B69C42B6-9726-4415-BE7F-F9A276D0614B}.Release|Any CPU.Build.0 = Release|Any CPU
	EndGlobalSection
	GlobalSection(SolutionProperties) = preSolution
		HideSolutionNode = FALSE
	EndGlobalSection
	GlobalSection(ExtensibilityGlobals) = postSolution
		SolutionGuid = {98FC59B0-49DE-4A26-B508-629CCEC7AF22}
	EndGlobalSection
EndGlobal
